// !$*UTF8*$!
{
	archiveVersion = 1;
	classes = {
	};
	objectVersion = 50;
	objects = {

/* Begin PBXBuildFile section */
		2C2889A9262CBF190052AEA7 /* AppDelegate.swift in Sources */ = {isa = PBXBuildFile; fileRef = 2C2889A8262CBF190052AEA7 /* AppDelegate.swift */; };
		2C2889AB262CBF190052AEA7 /* SceneDelegate.swift in Sources */ = {isa = PBXBuildFile; fileRef = 2C2889AA262CBF190052AEA7 /* SceneDelegate.swift */; };
		2C2889AD262CBF190052AEA7 /* ViewController.swift in Sources */ = {isa = PBXBuildFile; fileRef = 2C2889AC262CBF190052AEA7 /* ViewController.swift */; };
		2C2889B0262CBF190052AEA7 /* Main.storyboard in Resources */ = {isa = PBXBuildFile; fileRef = 2C2889AE262CBF190052AEA7 /* Main.storyboard */; };
		2C2889B2262CBF1A0052AEA7 /* Assets.xcassets in Resources */ = {isa = PBXBuildFile; fileRef = 2C2889B1262CBF1A0052AEA7 /* Assets.xcassets */; };
		2C2889B5262CBF1A0052AEA7 /* LaunchScreen.storyboard in Resources */ = {isa = PBXBuildFile; fileRef = 2C2889B3262CBF1A0052AEA7 /* LaunchScreen.storyboard */; };
		2C2889BE262CBF760052AEA7 /* MovieListViewController.swift in Sources */ = {isa = PBXBuildFile; fileRef = 2C2889BD262CBF760052AEA7 /* MovieListViewController.swift */; };
		2C2889C1262CBF820052AEA7 /* Movies.swift in Sources */ = {isa = PBXBuildFile; fileRef = 2C2889C0262CBF820052AEA7 /* Movies.swift */; };
		2C2889F2262CCAE40052AEA7 /* MovieDetailViewController.swift in Sources */ = {isa = PBXBuildFile; fileRef = 2C2889F1262CCAE40052AEA7 /* MovieDetailViewController.swift */; };
/* End PBXBuildFile section */

/* Begin PBXFileReference section */
		2C2889A5262CBF190052AEA7 /* FavoriteNetflix.app */ = {isa = PBXFileReference; explicitFileType = wrapper.application; includeInIndex = 0; path = FavoriteNetflix.app; sourceTree = BUILT_PRODUCTS_DIR; };
		2C2889A8262CBF190052AEA7 /* AppDelegate.swift */ = {isa = PBXFileReference; lastKnownFileType = sourcecode.swift; path = AppDelegate.swift; sourceTree = "<group>"; };
		2C2889AA262CBF190052AEA7 /* SceneDelegate.swift */ = {isa = PBXFileReference; lastKnownFileType = sourcecode.swift; path = SceneDelegate.swift; sourceTree = "<group>"; };
		2C2889AC262CBF190052AEA7 /* ViewController.swift */ = {isa = PBXFileReference; lastKnownFileType = sourcecode.swift; path = ViewController.swift; sourceTree = "<group>"; };
		2C2889AF262CBF190052AEA7 /* Base */ = {isa = PBXFileReference; lastKnownFileType = file.storyboard; name = Base; path = Base.lproj/Main.storyboard; sourceTree = "<group>"; };
		2C2889B1262CBF1A0052AEA7 /* Assets.xcassets */ = {isa = PBXFileReference; lastKnownFileType = folder.assetcatalog; path = Assets.xcassets; sourceTree = "<group>"; };
		2C2889B4262CBF1A0052AEA7 /* Base */ = {isa = PBXFileReference; lastKnownFileType = file.storyboard; name = Base; path = Base.lproj/LaunchScreen.storyboard; sourceTree = "<group>"; };
		2C2889B6262CBF1A0052AEA7 /* Info.plist */ = {isa = PBXFileReference; lastKnownFileType = text.plist.xml; path = Info.plist; sourceTree = "<group>"; };
		2C2889BD262CBF760052AEA7 /* MovieListViewController.swift */ = {isa = PBXFileReference; lastKnownFileType = sourcecode.swift; path = MovieListViewController.swift; sourceTree = "<group>"; };
		2C2889C0262CBF820052AEA7 /* Movies.swift */ = {isa = PBXFileReference; lastKnownFileType = sourcecode.swift; path = Movies.swift; sourceTree = "<group>"; };
		2C2889C3262CC0A90052AEA7 /* README.md */ = {isa = PBXFileReference; lastKnownFileType = net.daringfireball.markdown; path = README.md; sourceTree = "<group>"; };
		2C2889F1262CCAE40052AEA7 /* MovieDetailViewController.swift */ = {isa = PBXFileReference; lastKnownFileType = sourcecode.swift; path = MovieDetailViewController.swift; sourceTree = "<group>"; };
/* End PBXFileReference section */

/* Begin PBXFrameworksBuildPhase section */
		2C2889A2262CBF190052AEA7 /* Frameworks */ = {
			isa = PBXFrameworksBuildPhase;
			buildActionMask = 2147483647;
			files = (
			);
			runOnlyForDeploymentPostprocessing = 0;
		};
/* End PBXFrameworksBuildPhase section */

/* Begin PBXGroup section */
		2C28899C262CBF190052AEA7 = {
			isa = PBXGroup;
			children = (
				2C2889C3262CC0A90052AEA7 /* README.md */,
				2C2889A7262CBF190052AEA7 /* FavoriteNetflix */,
				2C2889A6262CBF190052AEA7 /* Products */,
			);
			sourceTree = "<group>";
		};
		2C2889A6262CBF190052AEA7 /* Products */ = {
			isa = PBXGroup;
			children = (
				2C2889A5262CBF190052AEA7 /* FavoriteNetflix.app */,
			);
			name = Products;
			sourceTree = "<group>";
		};
		2C2889A7262CBF190052AEA7 /* FavoriteNetflix */ = {
			isa = PBXGroup;
			children = (
				2C2889A8262CBF190052AEA7 /* AppDelegate.swift */,
				2C2889AA262CBF190052AEA7 /* SceneDelegate.swift */,
				2C2889AC262CBF190052AEA7 /* ViewController.swift */,
				2C2889AE262CBF190052AEA7 /* Main.storyboard */,
				2C2889B1262CBF1A0052AEA7 /* Assets.xcassets */,
				2C2889B3262CBF1A0052AEA7 /* LaunchScreen.storyboard */,
				2C2889B6262CBF1A0052AEA7 /* Info.plist */,
				2C2889BD262CBF760052AEA7 /* MovieListViewController.swift */,
				2C2889C0262CBF820052AEA7 /* Movies.swift */,
				2C2889F1262CCAE40052AEA7 /* MovieDetailViewController.swift */,
			);
			path = FavoriteNetflix;
			sourceTree = "<group>";
		};
/* End PBXGroup section */

/* Begin PBXNativeTarget section */
		2C2889A4262CBF190052AEA7 /* FavoriteNetflix */ = {
			isa = PBXNativeTarget;
			buildConfigurationList = 2C2889B9262CBF1A0052AEA7 /* Build configuration list for PBXNativeTarget "FavoriteNetflix" */;
			buildPhases = (
				2C2889A1262CBF190052AEA7 /* Sources */,
				2C2889A2262CBF190052AEA7 /* Frameworks */,
				2C2889A3262CBF190052AEA7 /* Resources */,
			);
			buildRules = (
			);
			dependencies = (
			);
			name = FavoriteNetflix;
			productName = FavoriteNetflix;
			productReference = 2C2889A5262CBF190052AEA7 /* FavoriteNetflix.app */;
			productType = "com.apple.product-type.application";
		};
/* End PBXNativeTarget section */

/* Begin PBXProject section */
		2C28899D262CBF190052AEA7 /* Project object */ = {
			isa = PBXProject;
			attributes = {
				LastSwiftUpdateCheck = 1240;
				LastUpgradeCheck = 1240;
				TargetAttributes = {
					2C2889A4262CBF190052AEA7 = {
						CreatedOnToolsVersion = 12.4;
					};
				};
			};
			buildConfigurationList = 2C2889A0262CBF190052AEA7 /* Build configuration list for PBXProject "FavoriteNetflix" */;
			compatibilityVersion = "Xcode 9.3";
			developmentRegion = en;
			hasScannedForEncodings = 0;
			knownRegions = (
				en,
				Base,
			);
			mainGroup = 2C28899C262CBF190052AEA7;
			productRefGroup = 2C2889A6262CBF190052AEA7 /* Products */;
			projectDirPath = "";
			projectRoot = "";
			targets = (
				2C2889A4262CBF190052AEA7 /* FavoriteNetflix */,
			);
		};
/* End PBXProject section */

/* Begin PBXResourcesBuildPhase section */
		2C2889A3262CBF190052AEA7 /* Resources */ = {
			isa = PBXResourcesBuildPhase;
			buildActionMask = 2147483647;
			files = (
				2C2889B5262CBF1A0052AEA7 /* LaunchScreen.storyboard in Resources */,
				2C2889B2262CBF1A0052AEA7 /* Assets.xcassets in Resources */,
				2C2889B0262CBF190052AEA7 /* Main.storyboard in Resources */,
			);
			runOnlyForDeploymentPostprocessing = 0;
		};
/* End PBXResourcesBuildPhase section */

/* Begin PBXSourcesBuildPhase section */
		2C2889A1262CBF190052AEA7 /* Sources */ = {
			isa = PBXSourcesBuildPhase;
			buildActionMask = 2147483647;
			files = (
				2C2889C1262CBF820052AEA7 /* Movies.swift in Sources */,
				2C2889AD262CBF190052AEA7 /* ViewController.swift in Sources */,
				2C2889A9262CBF190052AEA7 /* AppDelegate.swift in Sources */,
				2C2889AB262CBF190052AEA7 /* SceneDelegate.swift in Sources */,
				2C2889F2262CCAE40052AEA7 /* MovieDetailViewController.swift in Sources */,
				2C2889BE262CBF760052AEA7 /* MovieListViewController.swift in Sources */,
			);
			runOnlyForDeploymentPostprocessing = 0;
		};
/* End PBXSourcesBuildPhase section */

/* Begin PBXVariantGroup section */
		2C2889AE262CBF190052AEA7 /* Main.storyboard */ = {
			isa = PBXVariantGroup;
			children = (
				2C2889AF262CBF190052AEA7 /* Base */,
			);
			name = Main.storyboard;
			sourceTree = "<group>";
		};
		2C2889B3262CBF1A0052AEA7 /* LaunchScreen.storyboard */ = {
			isa = PBXVariantGroup;
			children = (
				2C2889B4262CBF1A0052AEA7 /* Base */,
			);
			name = LaunchScreen.storyboard;
			sourceTree = "<group>";
		};
/* End PBXVariantGroup section */

/* Begin XCBuildConfiguration section */
		2C2889B7262CBF1A0052AEA7 /* Debug */ = {
			isa = XCBuildConfiguration;
			buildSettings = {
				ALWAYS_SEARCH_USER_PATHS = NO;
				CLANG_ANALYZER_NONNULL = YES;
				CLANG_ANALYZER_NUMBER_OBJECT_CONVERSION = YES_AGGRESSIVE;
				CLANG_CXX_LANGUAGE_STANDARD = "gnu++14";
				CLANG_CXX_LIBRARY = "libc++";
				CLANG_ENABLE_MODULES = YES;
				CLANG_ENABLE_OBJC_ARC = YES;
				CLANG_ENABLE_OBJC_WEAK = YES;
				CLANG_WARN_BLOCK_CAPTURE_AUTORELEASING = YES;
				CLANG_WARN_BOOL_CONVERSION = YES;
				CLANG_WARN_COMMA = YES;
				CLANG_WARN_CONSTANT_CONVERSION = YES;
				CLANG_WARN_DEPRECATED_OBJC_IMPLEMENTATIONS = YES;
				CLANG_WARN_DIRECT_OBJC_ISA_USAGE = YES_ERROR;
				CLANG_WARN_DOCUMENTATION_COMMENTS = YES;
				CLANG_WARN_EMPTY_BODY = YES;
				CLANG_WARN_ENUM_CONVERSION = YES;
				CLANG_WARN_INFINITE_RECURSION = YES;
				CLANG_WARN_INT_CONVERSION = YES;
				CLANG_WARN_NON_LITERAL_NULL_CONVERSION = YES;
				CLANG_WARN_OBJC_IMPLICIT_RETAIN_SELF = YES;
				CLANG_WARN_OBJC_LITERAL_CONVERSION = YES;
				CLANG_WARN_OBJC_ROOT_CLASS = YES_ERROR;
				CLANG_WARN_QUOTED_INCLUDE_IN_FRAMEWORK_HEADER = YES;
				CLANG_WARN_RANGE_LOOP_ANALYSIS = YES;
				CLANG_WARN_STRICT_PROTOTYPES = YES;
				CLANG_WARN_SUSPICIOUS_MOVE = YES;
				CLANG_WARN_UNGUARDED_AVAILABILITY = YES_AGGRESSIVE;
				CLANG_WARN_UNREACHABLE_CODE = YES;
				CLANG_WARN__DUPLICATE_METHOD_MATCH = YES;
				COPY_PHASE_STRIP = NO;
				DEBUG_INFORMATION_FORMAT = dwarf;
				ENABLE_STRICT_OBJC_MSGSEND = YES;
				ENABLE_TESTABILITY = YES;
				GCC_C_LANGUAGE_STANDARD = gnu11;
				GCC_DYNAMIC_NO_PIC = NO;
				GCC_NO_COMMON_BLOCKS = YES;
				GCC_OPTIMIZATION_LEVEL = 0;
				GCC_PREPROCESSOR_DEFINITIONS = (
					"DEBUG=1",
					"$(inherited)",
				);
				GCC_WARN_64_TO_32_BIT_CONVERSION = YES;
				GCC_WARN_ABOUT_RETURN_TYPE = YES_ERROR;
				GCC_WARN_UNDECLARED_SELECTOR = YES;
				GCC_WARN_UNINITIALIZED_AUTOS = YES_AGGRESSIVE;
				GCC_WARN_UNUSED_FUNCTION = YES;
				GCC_WARN_UNUSED_VARIABLE = YES;
				IPHONEOS_DEPLOYMENT_TARGET = 14.4;
				MTL_ENABLE_DEBUG_INFO = INCLUDE_SOURCE;
				MTL_FAST_MATH = YES;
				ONLY_ACTIVE_ARCH = YES;
				SDKROOT = iphoneos;
				SWIFT_ACTIVE_COMPILATION_CONDITIONS = DEBUG;
				SWIFT_OPTIMIZATION_LEVEL = "-Onone";
			};
			name = Debug;
		};
		2C2889B8262CBF1A0052AEA7 /* Release */ = {
			isa = XCBuildConfiguration;
			buildSettings = {
				ALWAYS_SEARCH_USER_PATHS = NO;
				CLANG_ANALYZER_NONNULL = YES;
				CLANG_ANALYZER_NUMBER_OBJECT_CONVERSION = YES_AGGRESSIVE;
				CLANG_CXX_LANGUAGE_STANDARD = "gnu++14";
				CLANG_CXX_LIBRARY = "libc++";
				CLANG_ENABLE_MODULES = YES;
				CLANG_ENABLE_OBJC_ARC = YES;
				CLANG_ENABLE_OBJC_WEAK = YES;
				CLANG_WARN_BLOCK_CAPTURE_AUTORELEASING = YES;
				CLANG_WARN_BOOL_CONVERSION = YES;
				CLANG_WARN_COMMA = YES;
				CLANG_WARN_CONSTANT_CONVERSION = YES;
				CLANG_WARN_DEPRECATED_OBJC_IMPLEMENTATIONS = YES;
				CLANG_WARN_DIRECT_OBJC_ISA_USAGE = YES_ERROR;
				CLANG_WARN_DOCUMENTATION_COMMENTS = YES;
				CLANG_WARN_EMPTY_BODY = YES;
				CLANG_WARN_ENUM_CONVERSION = YES;
				CLANG_WARN_INFINITE_RECURSION = YES;
				CLANG_WARN_INT_CONVERSION = YES;
				CLANG_WARN_NON_LITERAL_NULL_CONVERSION = YES;
				CLANG_WARN_OBJC_IMPLICIT_RETAIN_SELF = YES;
				CLANG_WARN_OBJC_LITERAL_CONVERSION = YES;
				CLANG_WARN_OBJC_ROOT_CLASS = YES_ERROR;
				CLANG_WARN_QUOTED_INCLUDE_IN_FRAMEWORK_HEADER = YES;
				CLANG_WARN_RANGE_LOOP_ANALYSIS = YES;
				CLANG_WARN_STRICT_PROTOTYPES = YES;
				CLANG_WARN_SUSPICIOUS_MOVE = YES;
				CLANG_WARN_UNGUARDED_AVAILABILITY = YES_AGGRESSIVE;
				CLANG_WARN_UNREACHABLE_CODE = YES;
				CLANG_WARN__DUPLICATE_METHOD_MATCH = YES;
				COPY_PHASE_STRIP = NO;
				DEBUG_INFORMATION_FORMAT = "dwarf-with-dsym";
				ENABLE_NS_ASSERTIONS = NO;
				ENABLE_STRICT_OBJC_MSGSEND = YES;
				GCC_C_LANGUAGE_STANDARD = gnu11;
				GCC_NO_COMMON_BLOCKS = YES;
				GCC_WARN_64_TO_32_BIT_CONVERSION = YES;
				GCC_WARN_ABOUT_RETURN_TYPE = YES_ERROR;
				GCC_WARN_UNDECLARED_SELECTOR = YES;
				GCC_WARN_UNINITIALIZED_AUTOS = YES_AGGRESSIVE;
				GCC_WARN_UNUSED_FUNCTION = YES;
				GCC_WARN_UNUSED_VARIABLE = YES;
				IPHONEOS_DEPLOYMENT_TARGET = 14.4;
				MTL_ENABLE_DEBUG_INFO = NO;
				MTL_FAST_MATH = YES;
				SDKROOT = iphoneos;
				SWIFT_COMPILATION_MODE = wholemodule;
				SWIFT_OPTIMIZATION_LEVEL = "-O";
				VALIDATE_PRODUCT = YES;
			};
			name = Release;
		};
		2C2889BA262CBF1A0052AEA7 /* Debug */ = {
			isa = XCBuildConfiguration;
			buildSettings = {
				ASSETCATALOG_COMPILER_APPICON_NAME = AppIcon;
				ASSETCATALOG_COMPILER_GLOBAL_ACCENT_COLOR_NAME = AccentColor;
				CODE_SIGN_STYLE = Automatic;
				DEVELOPMENT_TEAM = 5BJJGLWFV9;
				INFOPLIST_FILE = FavoriteNetflix/Info.plist;
				LD_RUNPATH_SEARCH_PATHS = (
					"$(inherited)",
					"@executable_path/Frameworks",
				);
				PRODUCT_BUNDLE_IDENTIFIER = xyz.wannabewize.quiz.FavoriteNetflix;
				PRODUCT_NAME = "$(TARGET_NAME)";
				SWIFT_VERSION = 5.0;
				TARGETED_DEVICE_FAMILY = "1,2";
			};
			name = Debug;
		};
		2C2889BB262CBF1A0052AEA7 /* Release */ = {
			isa = XCBuildConfiguration;
			buildSettings = {
				ASSETCATALOG_COMPILER_APPICON_NAME = AppIcon;
				ASSETCATALOG_COMPILER_GLOBAL_ACCENT_COLOR_NAME = AccentColor;
				CODE_SIGN_STYLE = Automatic;
				DEVELOPMENT_TEAM = 5BJJGLWFV9;
				INFOPLIST_FILE = FavoriteNetflix/Info.plist;
				LD_RUNPATH_SEARCH_PATHS = (
					"$(inherited)",
					"@executable_path/Frameworks",
				);
				PRODUCT_BUNDLE_IDENTIFIER = xyz.wannabewize.quiz.FavoriteNetflix;
				PRODUCT_NAME = "$(TARGET_NAME)";
				SWIFT_VERSION = 5.0;
				TARGETED_DEVICE_FAMILY = "1,2";
			};
			name = Release;
		};
/* End XCBuildConfiguration section */

/* Begin XCConfigurationList section */
		2C2889A0262CBF190052AEA7 /* Build configuration list for PBXProject "FavoriteNetflix" */ = {
			isa = XCConfigurationList;
			buildConfigurations = (
				2C2889B7262CBF1A0052AEA7 /* Debug */,
				2C2889B8262CBF1A0052AEA7 /* Release */,
			);
			defaultConfigurationIsVisible = 0;
			defaultConfigurationName = Release;
		};
		2C2889B9262CBF1A0052AEA7 /* Build configuration list for PBXNativeTarget "FavoriteNetflix" */ = {
			isa = XCConfigurationList;
			buildConfigurations = (
				2C2889BA262CBF1A0052AEA7 /* Debug */,
				2C2889BB262CBF1A0052AEA7 /* Release */,
			);
			defaultConfigurationIsVisible = 0;
			defaultConfigurationName = Release;
		};
/* End XCConfigurationList section */
	};
	rootObject = 2C28899D262CBF190052AEA7 /* Project object */;
}
